
Microsoft Visual Studio Solution File, Format Version 12.00
# Visual Studio Version 17
VisualStudioVersion = 17.3.32825.248
MinimumVisualStudioVersion = 10.0.40219.1
Project("{FAE04EC0-301F-11D3-BF4B-00C04F79EFBC}") = "villalba-console", "villalba-console\villalba-console.csproj", "{B49C6E5C-4B59-4FDE-96C4-CBE8312C1295}"
EndProject
Global
	GlobalSection(SolutionConfigurationPlatforms) = preSolution
		Debug|Any CPU = Debug|Any CPU
		Release|Any CPU = Release|Any CPU
	EndGlobalSection
	GlobalSection(ProjectConfigurationPlatforms) = postSolution
		{B49C6E5C-4B59-4FDE-96C4-CBE8312C1295}.Debug|Any CPU.ActiveCfg = Debug|Any CPU
		{B49C6E5C-4B59-4FDE-96C4-CBE8312C1295}.Debug|Any CPU.Build.0 = Debug|Any CPU
		{B49C6E5C-4B59-4FDE-96C4-CBE8312C1295}.Release|Any CPU.ActiveCfg = Release|Any CPU
		{B49C6E5C-4B59-4FDE-96C4-CBE8312C1295}.Release|Any CPU.Build.0 = Release|Any CPU
	EndGlobalSection
	GlobalSection(SolutionProperties) = preSolution
		HideSolutionNode = FALSE
	EndGlobalSection
	GlobalSection(ExtensibilityGlobals) = postSolution
		SolutionGuid = {43888119-2A81-4D48-995C-5ED4031F6C69}
	EndGlobalSection
EndGlobal
